
Microsoft Visual Studio Solution File, Format Version 12.00
# Visual Studio Version 17
VisualStudioVersion = 17.5.33530.505
MinimumVisualStudioVersion = 10.0.40219.1
Project("{FAE04EC0-301F-11D3-BF4B-00C04F79EFBC}") = "muhasebe_otomasyonu_31_05_Cars_14_51", "muhasebe_otomasyonu_31_05_Cars_14_51.csproj", "{9B00C062-302A-4804-973C-6DE3A79E8511}"
EndProject
Global
	GlobalSection(SolutionConfigurationPlatforms) = preSolution
		Debug|Any CPU = Debug|Any CPU
		Release|Any CPU = Release|Any CPU
	EndGlobalSection
	GlobalSection(ProjectConfigurationPlatforms) = postSolution
		{9B00C062-302A-4804-973C-6DE3A79E8511}.Debug|Any CPU.ActiveCfg = Debug|Any CPU
		{9B00C062-302A-4804-973C-6DE3A79E8511}.Debug|Any CPU.Build.0 = Debug|Any CPU
		{9B00C062-302A-4804-973C-6DE3A79E8511}.Release|Any CPU.ActiveCfg = Release|Any CPU
		{9B00C062-302A-4804-973C-6DE3A79E8511}.Release|Any CPU.Build.0 = Release|Any CPU
	EndGlobalSection
	GlobalSection(SolutionProperties) = preSolution
		HideSolutionNode = FALSE
	EndGlobalSection
	GlobalSection(ExtensibilityGlobals) = postSolution
		SolutionGuid = {166AB558-0509-4CEE-8F76-2AC46865F46A}
	EndGlobalSection
EndGlobal
